
Microsoft Visual Studio Solution File, Format Version 12.00
# Visual Studio Version 17
VisualStudioVersion = 17.7.34024.191
MinimumVisualStudioVersion = 10.0.40219.1
Project("{FAE04EC0-301F-11D3-BF4B-00C04F79EFBC}") = "School_Management_System", "School_Management_System\School_Management_System.csproj", "{FA811537-E692-49FC-B76E-BBA4B956C6B8}"
EndProject
Global
	GlobalSection(SolutionConfigurationPlatforms) = preSolution
		Debug|Any CPU = Debug|Any CPU
		Release|Any CPU = Release|Any CPU
	EndGlobalSection
	GlobalSection(ProjectConfigurationPlatforms) = postSolution
		{FA811537-E692-49FC-B76E-BBA4B956C6B8}.Debug|Any CPU.ActiveCfg = Debug|Any CPU
		{FA811537-E692-49FC-B76E-BBA4B956C6B8}.Debug|Any CPU.Build.0 = Debug|Any CPU
		{FA811537-E692-49FC-B76E-BBA4B956C6B8}.Release|Any CPU.ActiveCfg = Release|Any CPU
		{FA811537-E692-49FC-B76E-BBA4B956C6B8}.Release|Any CPU.Build.0 = Release|Any CPU
	EndGlobalSection
	GlobalSection(SolutionProperties) = preSolution
		HideSolutionNode = FALSE
	EndGlobalSection
	GlobalSection(ExtensibilityGlobals) = postSolution
		SolutionGuid = {720CB68B-A492-4279-85E3-24F4B32AEC8B}
	EndGlobalSection
EndGlobal
